// !$*UTF8*$!
{
	archiveVersion = 1;
	classes = {
	};
	objectVersion = 46;
	objects = {

/* Begin PBXBuildFile section */
		EF8085B41DACCEF100CF049F /* AppDelegate.swift in Sources */ = {isa = PBXBuildFile; fileRef = EF8085B31DACCEF100CF049F /* AppDelegate.swift */; };
		EF8085B61DACCEF100CF049F /* ViewController.swift in Sources */ = {isa = PBXBuildFile; fileRef = EF8085B51DACCEF100CF049F /* ViewController.swift */; };
		EF8085B91DACCEF100CF049F /* Main.storyboard in Resources */ = {isa = PBXBuildFile; fileRef = EF8085B71DACCEF100CF049F /* Main.storyboard */; };
		EF8085BB1DACCEF200CF049F /* Assets.xcassets in Resources */ = {isa = PBXBuildFile; fileRef = EF8085BA1DACCEF200CF049F /* Assets.xcassets */; };
		EF8085BE1DACCEF200CF049F /* LaunchScreen.storyboard in Resources */ = {isa = PBXBuildFile; fileRef = EF8085BC1DACCEF200CF049F /* LaunchScreen.storyboard */; };
		EF8085C61DACD01D00CF049F /* FormObject.swift in Sources */ = {isa = PBXBuildFile; fileRef = EF8085C51DACD01D00CF049F /* FormObject.swift */; };
/* End PBXBuildFile section */

/* Begin PBXFileReference section */
		EF8085B01DACCEF100CF049F /* d06.app */ = {isa = PBXFileReference; explicitFileType = wrapper.application; includeInIndex = 0; path = d06.app; sourceTree = BUILT_PRODUCTS_DIR; };
		EF8085B31DACCEF100CF049F /* AppDelegate.swift */ = {isa = PBXFileReference; lastKnownFileType = sourcecode.swift; path = AppDelegate.swift; sourceTree = "<group>"; };
		EF8085B51DACCEF100CF049F /* ViewController.swift */ = {isa = PBXFileReference; lastKnownFileType = sourcecode.swift; path = ViewController.swift; sourceTree = "<group>"; };
		EF8085B81DACCEF100CF049F /* Base */ = {isa = PBXFileReference; lastKnownFileType = file.storyboard; name = Base; path = Base.lproj/Main.storyboard; sourceTree = "<group>"; };
		EF8085BA1DACCEF200CF049F /* Assets.xcassets */ = {isa = PBXFileReference; lastKnownFileType = folder.assetcatalog; path = Assets.xcassets; sourceTree = "<group>"; };
		EF8085BD1DACCEF200CF049F /* Base */ = {isa = PBXFileReference; lastKnownFileType = file.storyboard; name = Base; path = Base.lproj/LaunchScreen.storyboard; sourceTree = "<group>"; };
		EF8085BF1DACCEF200CF049F /* Info.plist */ = {isa = PBXFileReference; lastKnownFileType = text.plist.xml; path = Info.plist; sourceTree = "<group>"; };
		EF8085C51DACD01D00CF049F /* FormObject.swift */ = {isa = PBXFileReference; fileEncoding = 4; lastKnownFileType = sourcecode.swift; path = FormObject.swift; sourceTree = "<group>"; };
/* End PBXFileReference section */

/* Begin PBXFrameworksBuildPhase section */
		EF8085AD1DACCEF100CF049F /* Frameworks */ = {
			isa = PBXFrameworksBuildPhase;
			buildActionMask = 2147483647;
			files = (
			);
			runOnlyForDeploymentPostprocessing = 0;
		};
/* End PBXFrameworksBuildPhase section */

/* Begin PBXGroup section */
		EF8085A71DACCEF100CF049F = {
			isa = PBXGroup;
			children = (
				EF8085B21DACCEF100CF049F /* d06 */,
				EF8085B11DACCEF100CF049F /* Products */,
			);
			sourceTree = "<group>";
		};
		EF8085B11DACCEF100CF049F /* Products */ = {
			isa = PBXGroup;
			children = (
				EF8085B01DACCEF100CF049F /* d06.app */,
			);
			name = Products;
			sourceTree = "<group>";
		};
		EF8085B21DACCEF100CF049F /* d06 */ = {
			isa = PBXGroup;
			children = (
				EF8085B31DACCEF100CF049F /* AppDelegate.swift */,
				EF8085B51DACCEF100CF049F /* ViewController.swift */,
				EF8085B71DACCEF100CF049F /* Main.storyboard */,
				EF8085C51DACD01D00CF049F /* FormObject.swift */,
				EF8085BA1DACCEF200CF049F /* Assets.xcassets */,
				EF8085BC1DACCEF200CF049F /* LaunchScreen.storyboard */,
				EF8085BF1DACCEF200CF049F /* Info.plist */,
			);
			path = d06;
			sourceTree = "<group>";
		};
/* End PBXGroup section */

/* Begin PBXNativeTarget section */
		EF8085AF1DACCEF100CF049F /* d06 */ = {
			isa = PBXNativeTarget;
			buildConfigurationList = EF8085C21DACCEF200CF049F /* Build configuration list for PBXNativeTarget "d06" */;
			buildPhases = (
				EF8085AC1DACCEF100CF049F /* Sources */,
				EF8085AD1DACCEF100CF049F /* Frameworks */,
				EF8085AE1DACCEF100CF049F /* Resources */,
			);
			buildRules = (
			);
			dependencies = (
			);
			name = d06;
			productName = d06;
			productReference = EF8085B01DACCEF100CF049F /* d06.app */;
			productType = "com.apple.product-type.application";
		};
/* End PBXNativeTarget section */

/* Begin PBXProject section */
		EF8085A81DACCEF100CF049F /* Project object */ = {
			isa = PBXProject;
			attributes = {
				LastSwiftUpdateCheck = 0730;
				LastUpgradeCheck = 0730;
				ORGANIZATIONNAME = "Nabil BRIZINI";
				TargetAttributes = {
					EF8085AF1DACCEF100CF049F = {
						CreatedOnToolsVersion = 7.3.1;
					};
				};
			};
			buildConfigurationList = EF8085AB1DACCEF100CF049F /* Build configuration list for PBXProject "d06" */;
			compatibilityVersion = "Xcode 3.2";
			developmentRegion = English;
			hasScannedForEncodings = 0;
			knownRegions = (
				en,
				Base,
			);
			mainGroup = EF8085A71DACCEF100CF049F;
			productRefGroup = EF8085B11DACCEF100CF049F /* Products */;
			projectDirPath = "";
			projectRoot = "";
			targets = (
				EF8085AF1DACCEF100CF049F /* d06 */,
			);
		};
/* End PBXProject section */

/* Begin PBXResourcesBuildPhase section */
		EF8085AE1DACCEF100CF049F /* Resources */ = {
			isa = PBXResourcesBuildPhase;
			buildActionMask = 2147483647;
			files = (
				EF8085BE1DACCEF200CF049F /* LaunchScreen.storyboard in Resources */,
				EF8085BB1DACCEF200CF049F /* Assets.xcassets in Resources */,
				EF8085B91DACCEF100CF049F /* Main.storyboard in Resources */,
			);
			runOnlyForDeploymentPostprocessing = 0;
		};
/* End PBXResourcesBuildPhase section */

/* Begin PBXSourcesBuildPhase section */
		EF8085AC1DACCEF100CF049F /* Sources */ = {
			isa = PBXSourcesBuildPhase;
			buildActionMask = 2147483647;
			files = (
				EF8085C61DACD01D00CF049F /* FormObject.swift in Sources */,
				EF8085B61DACCEF100CF049F /* ViewController.swift in Sources */,
				EF8085B41DACCEF100CF049F /* AppDelegate.swift in Sources */,
			);
			runOnlyForDeploymentPostprocessing = 0;
		};
/* End PBXSourcesBuildPhase section */

/* Begin PBXVariantGroup section */
		EF8085B71DACCEF100CF049F /* Main.storyboard */ = {
			isa = PBXVariantGroup;
			children = (
				EF8085B81DACCEF100CF049F /* Base */,
			);
			name = Main.storyboard;
			sourceTree = "<group>";
		};
		EF8085BC1DACCEF200CF049F /* LaunchScreen.storyboard */ = {
			isa = PBXVariantGroup;
			children = (
				EF8085BD1DACCEF200CF049F /* Base */,
			);
			name = LaunchScreen.storyboard;
			sourceTree = "<group>";
		};
/* End PBXVariantGroup section */

/* Begin XCBuildConfiguration section */
		EF8085C01DACCEF200CF049F /* Debug */ = {
			isa = XCBuildConfiguration;
			buildSettings = {
				ALWAYS_SEARCH_USER_PATHS = NO;
				CLANG_ANALYZER_NONNULL = YES;
				CLANG_CXX_LANGUAGE_STANDARD = "gnu++0x";
				CLANG_CXX_LIBRARY = "libc++";
				CLANG_ENABLE_MODULES = YES;
				CLANG_ENABLE_OBJC_ARC = YES;
				CLANG_WARN_BOOL_CONVERSION = YES;
				CLANG_WARN_CONSTANT_CONVERSION = YES;
				CLANG_WARN_DIRECT_OBJC_ISA_USAGE = YES_ERROR;
				CLANG_WARN_EMPTY_BODY = YES;
				CLANG_WARN_ENUM_CONVERSION = YES;
				CLANG_WARN_INT_CONVERSION = YES;
				CLANG_WARN_OBJC_ROOT_CLASS = YES_ERROR;
				CLANG_WARN_UNREACHABLE_CODE = YES;
				CLANG_WARN__DUPLICATE_METHOD_MATCH = YES;
				"CODE_SIGN_IDENTITY[sdk=iphoneos*]" = "iPhone Developer";
				COPY_PHASE_STRIP = NO;
				DEBUG_INFORMATION_FORMAT = dwarf;
				ENABLE_STRICT_OBJC_MSGSEND = YES;
				ENABLE_TESTABILITY = YES;
				GCC_C_LANGUAGE_STANDARD = gnu99;
				GCC_DYNAMIC_NO_PIC = NO;
				GCC_NO_COMMON_BLOCKS = YES;
				GCC_OPTIMIZATION_LEVEL = 0;
				GCC_PREPROCESSOR_DEFINITIONS = (
					"DEBUG=1",
					"$(inherited)",
				);
				GCC_WARN_64_TO_32_BIT_CONVERSION = YES;
				GCC_WARN_ABOUT_RETURN_TYPE = YES_ERROR;
				GCC_WARN_UNDECLARED_SELECTOR = YES;
				GCC_WARN_UNINITIALIZED_AUTOS = YES_AGGRESSIVE;
				GCC_WARN_UNUSED_FUNCTION = YES;
				GCC_WARN_UNUSED_VARIABLE = YES;
				IPHONEOS_DEPLOYMENT_TARGET = 9.3;
				MTL_ENABLE_DEBUG_INFO = YES;
				ONLY_ACTIVE_ARCH = YES;
				SDKROOT = iphoneos;
				SWIFT_OPTIMIZATION_LEVEL = "-Onone";
				TARGETED_DEVICE_FAMILY = "1,2";
			};
			name = Debug;
		};
		EF8085C11DACCEF200CF049F /* Release */ = {
			isa = XCBuildConfiguration;
			buildSettings = {
				ALWAYS_SEARCH_USER_PATHS = NO;
				CLANG_ANALYZER_NONNULL = YES;
				CLANG_CXX_LANGUAGE_STANDARD = "gnu++0x";
				CLANG_CXX_LIBRARY = "libc++";
				CLANG_ENABLE_MODULES = YES;
				CLANG_ENABLE_OBJC_ARC = YES;
				CLANG_WARN_BOOL_CONVERSION = YES;
				CLANG_WARN_CONSTANT_CONVERSION = YES;
				CLANG_WARN_DIRECT_OBJC_ISA_USAGE = YES_ERROR;
				CLANG_WARN_EMPTY_BODY = YES;
				CLANG_WARN_ENUM_CONVERSION = YES;
				CLANG_WARN_INT_CONVERSION = YES;
				CLANG_WARN_OBJC_ROOT_CLASS = YES_ERROR;
				CLANG_WARN_UNREACHABLE_CODE = YES;
				CLANG_WARN__DUPLICATE_METHOD_MATCH = YES;
				"CODE_SIGN_IDENTITY[sdk=iphoneos*]" = "iPhone Developer";
				COPY_PHASE_STRIP = NO;
				DEBUG_INFORMATION_FORMAT = "dwarf-with-dsym";
				ENABLE_NS_ASSERTIONS = NO;
				ENABLE_STRICT_OBJC_MSGSEND = YES;
				GCC_C_LANGUAGE_STANDARD = gnu99;
				GCC_NO_COMMON_BLOCKS = YES;
				GCC_WARN_64_TO_32_BIT_CONVERSION = YES;
				GCC_WARN_ABOUT_RETURN_TYPE = YES_ERROR;
				GCC_WARN_UNDECLARED_SELECTOR = YES;
				GCC_WARN_UNINITIALIZED_AUTOS = YES_AGGRESSIVE;
				GCC_WARN_UNUSED_FUNCTION = YES;
				GCC_WARN_UNUSED_VARIABLE = YES;
				IPHONEOS_DEPLOYMENT_TARGET = 9.3;
				MTL_ENABLE_DEBUG_INFO = NO;
				SDKROOT = iphoneos;
				TARGETED_DEVICE_FAMILY = "1,2";
				VALIDATE_PRODUCT = YES;
			};
			name = Release;
		};
		EF8085C31DACCEF200CF049F /* Debug */ = {
			isa = XCBuildConfiguration;
			buildSettings = {
				ASSETCATALOG_COMPILER_APPICON_NAME = AppIcon;
				INFOPLIST_FILE = d06/Info.plist;
				LD_RUNPATH_SEARCH_PATHS = "$(inherited) @executable_path/Frameworks";
				PRODUCT_BUNDLE_IDENTIFIER = lbelvale.d06;
				PRODUCT_NAME = "$(TARGET_NAME)";
			};
			name = Debug;
		};
		EF8085C41DACCEF200CF049F /* Release */ = {
			isa = XCBuildConfiguration;
			buildSettings = {
				ASSETCATALOG_COMPILER_APPICON_NAME = AppIcon;
				INFOPLIST_FILE = d06/Info.plist;
				LD_RUNPATH_SEARCH_PATHS = "$(inherited) @executable_path/Frameworks";
				PRODUCT_BUNDLE_IDENTIFIER = lbelvale.d06;
				PRODUCT_NAME = "$(TARGET_NAME)";
			};
			name = Release;
		};
/* End XCBuildConfiguration section */

/* Begin XCConfigurationList section */
		EF8085AB1DACCEF100CF049F /* Build configuration list for PBXProject "d06" */ = {
			isa = XCConfigurationList;
			buildConfigurations = (
				EF8085C01DACCEF200CF049F /* Debug */,
				EF8085C11DACCEF200CF049F /* Release */,
			);
			defaultConfigurationIsVisible = 0;
			defaultConfigurationName = Release;
		};
		EF8085C21DACCEF200CF049F /* Build configuration list for PBXNativeTarget "d06" */ = {
			isa = XCConfigurationList;
			buildConfigurations = (
				EF8085C31DACCEF200CF049F /* Debug */,
				EF8085C41DACCEF200CF049F /* Release */,
			);
			defaultConfigurationIsVisible = 0;
			defaultConfigurationName = Release;
		};
/* End XCConfigurationList section */
	};
	rootObject = EF8085A81DACCEF100CF049F /* Project object */;
}
